// !$*UTF8*$!
{
	archiveVersion = 1;
	classes = {
	};
	objectVersion = 46;
	objects = {

/* Begin PBXBuildFile section */
		A1B40B6C19F957DC0074331E /* AppDelegate.swift in Sources */ = {isa = PBXBuildFile; fileRef = A1B40B6B19F957DC0074331E /* AppDelegate.swift */; };
		A1B40B6E19F957DC0074331E /* ViewController.swift in Sources */ = {isa = PBXBuildFile; fileRef = A1B40B6D19F957DC0074331E /* ViewController.swift */; };
		A1B40B7119F957DC0074331E /* Main.storyboard in Resources */ = {isa = PBXBuildFile; fileRef = A1B40B6F19F957DC0074331E /* Main.storyboard */; };
		A1B40B7319F957DC0074331E /* Images.xcassets in Resources */ = {isa = PBXBuildFile; fileRef = A1B40B7219F957DC0074331E /* Images.xcassets */; };
		A1B40B7619F957DC0074331E /* LaunchScreen.xib in Resources */ = {isa = PBXBuildFile; fileRef = A1B40B7419F957DC0074331E /* LaunchScreen.xib */; };
		A1B40B8219F957DC0074331E /* SceneKitTutorial1Tests.swift in Sources */ = {isa = PBXBuildFile; fileRef = A1B40B8119F957DC0074331E /* SceneKitTutorial1Tests.swift */; };
		A1B40B8C19F958EF0074331E /* SceneKit.framework in Frameworks */ = {isa = PBXBuildFile; fileRef = A1B40B8B19F958EF0074331E /* SceneKit.framework */; };
		A1B40B8E19F967A10074331E /* PrimitivesScene.swift in Sources */ = {isa = PBXBuildFile; fileRef = A1B40B8D19F967A10074331E /* PrimitivesScene.swift */; };
/* End PBXBuildFile section */

/* Begin PBXContainerItemProxy section */
		A1B40B7C19F957DC0074331E /* PBXContainerItemProxy */ = {
			isa = PBXContainerItemProxy;
			containerPortal = A1B40B5E19F957DC0074331E /* Project object */;
			proxyType = 1;
			remoteGlobalIDString = A1B40B6519F957DC0074331E;
			remoteInfo = SceneKitTutorial1;
		};
/* End PBXContainerItemProxy section */

/* Begin PBXFileReference section */
		A1B40B6619F957DC0074331E /* SceneKitTutorial1.app */ = {isa = PBXFileReference; explicitFileType = wrapper.application; includeInIndex = 0; path = SceneKitTutorial1.app; sourceTree = BUILT_PRODUCTS_DIR; };
		A1B40B6A19F957DC0074331E /* Info.plist */ = {isa = PBXFileReference; lastKnownFileType = text.plist.xml; path = Info.plist; sourceTree = "<group>"; };
		A1B40B6B19F957DC0074331E /* AppDelegate.swift */ = {isa = PBXFileReference; lastKnownFileType = sourcecode.swift; path = AppDelegate.swift; sourceTree = "<group>"; };
		A1B40B6D19F957DC0074331E /* ViewController.swift */ = {isa = PBXFileReference; lastKnownFileType = sourcecode.swift; path = ViewController.swift; sourceTree = "<group>"; };
		A1B40B7019F957DC0074331E /* Base */ = {isa = PBXFileReference; lastKnownFileType = file.storyboard; name = Base; path = Base.lproj/Main.storyboard; sourceTree = "<group>"; };
		A1B40B7219F957DC0074331E /* Images.xcassets */ = {isa = PBXFileReference; lastKnownFileType = folder.assetcatalog; path = Images.xcassets; sourceTree = "<group>"; };
		A1B40B7519F957DC0074331E /* Base */ = {isa = PBXFileReference; lastKnownFileType = file.xib; name = Base; path = Base.lproj/LaunchScreen.xib; sourceTree = "<group>"; };
		A1B40B7B19F957DC0074331E /* SceneKitTutorial1Tests.xctest */ = {isa = PBXFileReference; explicitFileType = wrapper.cfbundle; includeInIndex = 0; path = SceneKitTutorial1Tests.xctest; sourceTree = BUILT_PRODUCTS_DIR; };
		A1B40B8019F957DC0074331E /* Info.plist */ = {isa = PBXFileReference; lastKnownFileType = text.plist.xml; path = Info.plist; sourceTree = "<group>"; };
		A1B40B8119F957DC0074331E /* SceneKitTutorial1Tests.swift */ = {isa = PBXFileReference; lastKnownFileType = sourcecode.swift; path = SceneKitTutorial1Tests.swift; sourceTree = "<group>"; };
		A1B40B8B19F958EF0074331E /* SceneKit.framework */ = {isa = PBXFileReference; lastKnownFileType = wrapper.framework; name = SceneKit.framework; path = System/Library/Frameworks/SceneKit.framework; sourceTree = SDKROOT; };
		A1B40B8D19F967A10074331E /* PrimitivesScene.swift */ = {isa = PBXFileReference; fileEncoding = 4; lastKnownFileType = sourcecode.swift; path = PrimitivesScene.swift; sourceTree = "<group>"; };
/* End PBXFileReference section */

/* Begin PBXFrameworksBuildPhase section */
		A1B40B6319F957DC0074331E /* Frameworks */ = {
			isa = PBXFrameworksBuildPhase;
			buildActionMask = 2147483647;
			files = (
				A1B40B8C19F958EF0074331E /* SceneKit.framework in Frameworks */,
			);
			runOnlyForDeploymentPostprocessing = 0;
		};
		A1B40B7819F957DC0074331E /* Frameworks */ = {
			isa = PBXFrameworksBuildPhase;
			buildActionMask = 2147483647;
			files = (
			);
			runOnlyForDeploymentPostprocessing = 0;
		};
/* End PBXFrameworksBuildPhase section */

/* Begin PBXGroup section */
		A1B40B5D19F957DC0074331E = {
			isa = PBXGroup;
			children = (
				A1B40B8B19F958EF0074331E /* SceneKit.framework */,
				A1B40B6819F957DC0074331E /* SceneKitTutorial1 */,
				A1B40B7E19F957DC0074331E /* SceneKitTutorial1Tests */,
				A1B40B6719F957DC0074331E /* Products */,
			);
			sourceTree = "<group>";
		};
		A1B40B6719F957DC0074331E /* Products */ = {
			isa = PBXGroup;
			children = (
				A1B40B6619F957DC0074331E /* SceneKitTutorial1.app */,
				A1B40B7B19F957DC0074331E /* SceneKitTutorial1Tests.xctest */,
			);
			name = Products;
			sourceTree = "<group>";
		};
		A1B40B6819F957DC0074331E /* SceneKitTutorial1 */ = {
			isa = PBXGroup;
			children = (
				A1B40B6B19F957DC0074331E /* AppDelegate.swift */,
				A1B40B6D19F957DC0074331E /* ViewController.swift */,
				A1B40B6F19F957DC0074331E /* Main.storyboard */,
				A1B40B7219F957DC0074331E /* Images.xcassets */,
				A1B40B7419F957DC0074331E /* LaunchScreen.xib */,
				A1B40B6919F957DC0074331E /* Supporting Files */,
				A1B40B8D19F967A10074331E /* PrimitivesScene.swift */,
			);
			path = SceneKitTutorial1;
			sourceTree = "<group>";
		};
		A1B40B6919F957DC0074331E /* Supporting Files */ = {
			isa = PBXGroup;
			children = (
				A1B40B6A19F957DC0074331E /* Info.plist */,
			);
			name = "Supporting Files";
			sourceTree = "<group>";
		};
		A1B40B7E19F957DC0074331E /* SceneKitTutorial1Tests */ = {
			isa = PBXGroup;
			children = (
				A1B40B8119F957DC0074331E /* SceneKitTutorial1Tests.swift */,
				A1B40B7F19F957DC0074331E /* Supporting Files */,
			);
			path = SceneKitTutorial1Tests;
			sourceTree = "<group>";
		};
		A1B40B7F19F957DC0074331E /* Supporting Files */ = {
			isa = PBXGroup;
			children = (
				A1B40B8019F957DC0074331E /* Info.plist */,
			);
			name = "Supporting Files";
			sourceTree = "<group>";
		};
/* End PBXGroup section */

/* Begin PBXNativeTarget section */
		A1B40B6519F957DC0074331E /* SceneKitTutorial1 */ = {
			isa = PBXNativeTarget;
			buildConfigurationList = A1B40B8519F957DC0074331E /* Build configuration list for PBXNativeTarget "SceneKitTutorial1" */;
			buildPhases = (
				A1B40B6219F957DC0074331E /* Sources */,
				A1B40B6319F957DC0074331E /* Frameworks */,
				A1B40B6419F957DC0074331E /* Resources */,
			);
			buildRules = (
			);
			dependencies = (
			);
			name = SceneKitTutorial1;
			productName = SceneKitTutorial1;
			productReference = A1B40B6619F957DC0074331E /* SceneKitTutorial1.app */;
			productType = "com.apple.product-type.application";
		};
		A1B40B7A19F957DC0074331E /* SceneKitTutorial1Tests */ = {
			isa = PBXNativeTarget;
			buildConfigurationList = A1B40B8819F957DC0074331E /* Build configuration list for PBXNativeTarget "SceneKitTutorial1Tests" */;
			buildPhases = (
				A1B40B7719F957DC0074331E /* Sources */,
				A1B40B7819F957DC0074331E /* Frameworks */,
				A1B40B7919F957DC0074331E /* Resources */,
			);
			buildRules = (
			);
			dependencies = (
				A1B40B7D19F957DC0074331E /* PBXTargetDependency */,
			);
			name = SceneKitTutorial1Tests;
			productName = SceneKitTutorial1Tests;
			productReference = A1B40B7B19F957DC0074331E /* SceneKitTutorial1Tests.xctest */;
			productType = "com.apple.product-type.bundle.unit-test";
		};
/* End PBXNativeTarget section */

/* Begin PBXProject section */
		A1B40B5E19F957DC0074331E /* Project object */ = {
			isa = PBXProject;
			attributes = {
				LastUpgradeCheck = 0600;
				ORGANIZATIONNAME = "We Heart Swift";
				TargetAttributes = {
					A1B40B6519F957DC0074331E = {
						CreatedOnToolsVersion = 6.1;
					};
					A1B40B7A19F957DC0074331E = {
						CreatedOnToolsVersion = 6.1;
						TestTargetID = A1B40B6519F957DC0074331E;
					};
				};
			};
			buildConfigurationList = A1B40B6119F957DC0074331E /* Build configuration list for PBXProject "SceneKitTutorial1" */;
			compatibilityVersion = "Xcode 3.2";
			developmentRegion = English;
			hasScannedForEncodings = 0;
			knownRegions = (
				en,
				Base,
			);
			mainGroup = A1B40B5D19F957DC0074331E;
			productRefGroup = A1B40B6719F957DC0074331E /* Products */;
			projectDirPath = "";
			projectRoot = "";
			targets = (
				A1B40B6519F957DC0074331E /* SceneKitTutorial1 */,
				A1B40B7A19F957DC0074331E /* SceneKitTutorial1Tests */,
			);
		};
/* End PBXProject section */

/* Begin PBXResourcesBuildPhase section */
		A1B40B6419F957DC0074331E /* Resources */ = {
			isa = PBXResourcesBuildPhase;
			buildActionMask = 2147483647;
			files = (
				A1B40B7119F957DC0074331E /* Main.storyboard in Resources */,
				A1B40B7619F957DC0074331E /* LaunchScreen.xib in Resources */,
				A1B40B7319F957DC0074331E /* Images.xcassets in Resources */,
			);
			runOnlyForDeploymentPostprocessing = 0;
		};
		A1B40B7919F957DC0074331E /* Resources */ = {
			isa = PBXResourcesBuildPhase;
			buildActionMask = 2147483647;
			files = (
			);
			runOnlyForDeploymentPostprocessing = 0;
		};
/* End PBXResourcesBuildPhase section */

/* Begin PBXSourcesBuildPhase section */
		A1B40B6219F957DC0074331E /* Sources */ = {
			isa = PBXSourcesBuildPhase;
			buildActionMask = 2147483647;
			files = (
				A1B40B6E19F957DC0074331E /* ViewController.swift in Sources */,
				A1B40B6C19F957DC0074331E /* AppDelegate.swift in Sources */,
				A1B40B8E19F967A10074331E /* PrimitivesScene.swift in Sources */,
			);
			runOnlyForDeploymentPostprocessing = 0;
		};
		A1B40B7719F957DC0074331E /* Sources */ = {
			isa = PBXSourcesBuildPhase;
			buildActionMask = 2147483647;
			files = (
				A1B40B8219F957DC0074331E /* SceneKitTutorial1Tests.swift in Sources */,
			);
			runOnlyForDeploymentPostprocessing = 0;
		};
/* End PBXSourcesBuildPhase section */

/* Begin PBXTargetDependency section */
		A1B40B7D19F957DC0074331E /* PBXTargetDependency */ = {
			isa = PBXTargetDependency;
			target = A1B40B6519F957DC0074331E /* SceneKitTutorial1 */;
			targetProxy = A1B40B7C19F957DC0074331E /* PBXContainerItemProxy */;
		};
/* End PBXTargetDependency section */

/* Begin PBXVariantGroup section */
		A1B40B6F19F957DC0074331E /* Main.storyboard */ = {
			isa = PBXVariantGroup;
			children = (
				A1B40B7019F957DC0074331E /* Base */,
			);
			name = Main.storyboard;
			sourceTree = "<group>";
		};
		A1B40B7419F957DC0074331E /* LaunchScreen.xib */ = {
			isa = PBXVariantGroup;
			children = (
				A1B40B7519F957DC0074331E /* Base */,
			);
			name = LaunchScreen.xib;
			sourceTree = "<group>";
		};
/* End PBXVariantGroup section */

/* Begin XCBuildConfiguration section */
		A1B40B8319F957DC0074331E /* Debug */ = {
			isa = XCBuildConfiguration;
			buildSettings = {
				ALWAYS_SEARCH_USER_PATHS = NO;
				CLANG_CXX_LANGUAGE_STANDARD = "gnu++0x";
				CLANG_CXX_LIBRARY = "libc++";
				CLANG_ENABLE_MODULES = YES;
				CLANG_ENABLE_OBJC_ARC = YES;
				CLANG_WARN_BOOL_CONVERSION = YES;
				CLANG_WARN_CONSTANT_CONVERSION = YES;
				CLANG_WARN_DIRECT_OBJC_ISA_USAGE = YES_ERROR;
				CLANG_WARN_EMPTY_BODY = YES;
				CLANG_WARN_ENUM_CONVERSION = YES;
				CLANG_WARN_INT_CONVERSION = YES;
				CLANG_WARN_OBJC_ROOT_CLASS = YES_ERROR;
				CLANG_WARN_UNREACHABLE_CODE = YES;
				CLANG_WARN__DUPLICATE_METHOD_MATCH = YES;
				"CODE_SIGN_IDENTITY[sdk=iphoneos*]" = "iPhone Developer";
				COPY_PHASE_STRIP = NO;
				ENABLE_STRICT_OBJC_MSGSEND = YES;
				GCC_C_LANGUAGE_STANDARD = gnu99;
				GCC_DYNAMIC_NO_PIC = NO;
				GCC_OPTIMIZATION_LEVEL = 0;
				GCC_PREPROCESSOR_DEFINITIONS = (
					"DEBUG=1",
					"$(inherited)",
				);
				GCC_SYMBOLS_PRIVATE_EXTERN = NO;
				GCC_WARN_64_TO_32_BIT_CONVERSION = YES;
				GCC_WARN_ABOUT_RETURN_TYPE = YES_ERROR;
				GCC_WARN_UNDECLARED_SELECTOR = YES;
				GCC_WARN_UNINITIALIZED_AUTOS = YES_AGGRESSIVE;
				GCC_WARN_UNUSED_FUNCTION = YES;
				GCC_WARN_UNUSED_VARIABLE = YES;
				IPHONEOS_DEPLOYMENT_TARGET = 8.0;
				MTL_ENABLE_DEBUG_INFO = YES;
				ONLY_ACTIVE_ARCH = YES;
				SDKROOT = iphoneos;
				SWIFT_OPTIMIZATION_LEVEL = "-Onone";
				TARGETED_DEVICE_FAMILY = 2;
			};
			name = Debug;
		};
		A1B40B8419F957DC0074331E /* Release */ = {
			isa = XCBuildConfiguration;
			buildSettings = {
				ALWAYS_SEARCH_USER_PATHS = NO;
				CLANG_CXX_LANGUAGE_STANDARD = "gnu++0x";
				CLANG_CXX_LIBRARY = "libc++";
				CLANG_ENABLE_MODULES = YES;
				CLANG_ENABLE_OBJC_ARC = YES;
				CLANG_WARN_BOOL_CONVERSION = YES;
				CLANG_WARN_CONSTANT_CONVERSION = YES;
				CLANG_WARN_DIRECT_OBJC_ISA_USAGE = YES_ERROR;
				CLANG_WARN_EMPTY_BODY = YES;
				CLANG_WARN_ENUM_CONVERSION = YES;
				CLANG_WARN_INT_CONVERSION = YES;
				CLANG_WARN_OBJC_ROOT_CLASS = YES_ERROR;
				CLANG_WARN_UNREACHABLE_CODE = YES;
				CLANG_WARN__DUPLICATE_METHOD_MATCH = YES;
				"CODE_SIGN_IDENTITY[sdk=iphoneos*]" = "iPhone Developer";
				COPY_PHASE_STRIP = YES;
				ENABLE_NS_ASSERTIONS = NO;
				ENABLE_STRICT_OBJC_MSGSEND = YES;
				GCC_C_LANGUAGE_STANDARD = gnu99;
				GCC_WARN_64_TO_32_BIT_CONVERSION = YES;
				GCC_WARN_ABOUT_RETURN_TYPE = YES_ERROR;
				GCC_WARN_UNDECLARED_SELECTOR = YES;
				GCC_WARN_UNINITIALIZED_AUTOS = YES_AGGRESSIVE;
				GCC_WARN_UNUSED_FUNCTION = YES;
				GCC_WARN_UNUSED_VARIABLE = YES;
				IPHONEOS_DEPLOYMENT_TARGET = 8.0;
				MTL_ENABLE_DEBUG_INFO = NO;
				SDKROOT = iphoneos;
				TARGETED_DEVICE_FAMILY = 2;
				VALIDATE_PRODUCT = YES;
			};
			name = Release;
		};
		A1B40B8619F957DC0074331E /* Debug */ = {
			isa = XCBuildConfiguration;
			buildSettings = {
				ASSETCATALOG_COMPILER_APPICON_NAME = AppIcon;
				CLANG_ENABLE_MODULES = YES;
				INFOPLIST_FILE = SceneKitTutorial1/Info.plist;
				LD_RUNPATH_SEARCH_PATHS = "$(inherited) @executable_path/Frameworks";
				PRODUCT_NAME = "$(TARGET_NAME)";
				SWIFT_INSTALL_OBJC_HEADER = NO;
				SWIFT_OBJC_BRIDGING_HEADER = "";
				SWIFT_OPTIMIZATION_LEVEL = "-Onone";
			};
			name = Debug;
		};
		A1B40B8719F957DC0074331E /* Release */ = {
			isa = XCBuildConfiguration;
			buildSettings = {
				ASSETCATALOG_COMPILER_APPICON_NAME = AppIcon;
				CLANG_ENABLE_MODULES = YES;
				INFOPLIST_FILE = SceneKitTutorial1/Info.plist;
				LD_RUNPATH_SEARCH_PATHS = "$(inherited) @executable_path/Frameworks";
				PRODUCT_NAME = "$(TARGET_NAME)";
				SWIFT_INSTALL_OBJC_HEADER = NO;
				SWIFT_OBJC_BRIDGING_HEADER = "";
			};
			name = Release;
		};
		A1B40B8919F957DC0074331E /* Debug */ = {
			isa = XCBuildConfiguration;
			buildSettings = {
				BUNDLE_LOADER = "$(TEST_HOST)";
				FRAMEWORK_SEARCH_PATHS = (
					"$(SDKROOT)/Developer/Library/Frameworks",
					"$(inherited)",
				);
				GCC_PREPROCESSOR_DEFINITIONS = (
					"DEBUG=1",
					"$(inherited)",
				);
				INFOPLIST_FILE = SceneKitTutorial1Tests/Info.plist;
				LD_RUNPATH_SEARCH_PATHS = "$(inherited) @executable_path/Frameworks @loader_path/Frameworks";
				PRODUCT_NAME = "$(TARGET_NAME)";
				TEST_HOST = "$(BUILT_PRODUCTS_DIR)/SceneKitTutorial1.app/SceneKitTutorial1";
			};
			name = Debug;
		};
		A1B40B8A19F957DC0074331E /* Release */ = {
			isa = XCBuildConfiguration;
			buildSettings = {
				BUNDLE_LOADER = "$(TEST_HOST)";
				FRAMEWORK_SEARCH_PATHS = (
					"$(SDKROOT)/Developer/Library/Frameworks",
					"$(inherited)",
				);
				INFOPLIST_FILE = SceneKitTutorial1Tests/Info.plist;
				LD_RUNPATH_SEARCH_PATHS = "$(inherited) @executable_path/Frameworks @loader_path/Frameworks";
				PRODUCT_NAME = "$(TARGET_NAME)";
				TEST_HOST = "$(BUILT_PRODUCTS_DIR)/SceneKitTutorial1.app/SceneKitTutorial1";
			};
			name = Release;
		};
/* End XCBuildConfiguration section */

/* Begin XCConfigurationList section */
		A1B40B6119F957DC0074331E /* Build configuration list for PBXProject "SceneKitTutorial1" */ = {
			isa = XCConfigurationList;
			buildConfigurations = (
				A1B40B8319F957DC0074331E /* Debug */,
				A1B40B8419F957DC0074331E /* Release */,
			);
			defaultConfigurationIsVisible = 0;
			defaultConfigurationName = Release;
		};
		A1B40B8519F957DC0074331E /* Build configuration list for PBXNativeTarget "SceneKitTutorial1" */ = {
			isa = XCConfigurationList;
			buildConfigurations = (
				A1B40B8619F957DC0074331E /* Debug */,
				A1B40B8719F957DC0074331E /* Release */,
			);
			defaultConfigurationIsVisible = 0;
			defaultConfigurationName = Release;
		};
		A1B40B8819F957DC0074331E /* Build configuration list for PBXNativeTarget "SceneKitTutorial1Tests" */ = {
			isa = XCConfigurationList;
			buildConfigurations = (
				A1B40B8919F957DC0074331E /* Debug */,
				A1B40B8A19F957DC0074331E /* Release */,
			);
			defaultConfigurationIsVisible = 0;
			defaultConfigurationName = Release;
		};
/* End XCConfigurationList section */
	};
	rootObject = A1B40B5E19F957DC0074331E /* Project object */;
}
